
Microsoft Visual Studio Solution File, Format Version 12.00
# Visual Studio Version 17
VisualStudioVersion = 17.10.34928.147
MinimumVisualStudioVersion = 10.0.40219.1
Project("{9A19103F-16F7-4668-BE54-9A1E7A4F7556}") = "Adventure-Quest-RPG", "Adventure-Quest-RPG\Adventure-Quest-RPG.csproj", "{FDAFC938-F21A-4ACE-A857-49C1B20DC6A5}"
EndProject
Global
	GlobalSection(SolutionConfigurationPlatforms) = preSolution
		Debug|Any CPU = Debug|Any CPU
		Release|Any CPU = Release|Any CPU
	EndGlobalSection
	GlobalSection(ProjectConfigurationPlatforms) = postSolution
		{FDAFC938-F21A-4ACE-A857-49C1B20DC6A5}.Debug|Any CPU.ActiveCfg = Debug|Any CPU
		{FDAFC938-F21A-4ACE-A857-49C1B20DC6A5}.Debug|Any CPU.Build.0 = Debug|Any CPU
		{FDAFC938-F21A-4ACE-A857-49C1B20DC6A5}.Release|Any CPU.ActiveCfg = Release|Any CPU
		{FDAFC938-F21A-4ACE-A857-49C1B20DC6A5}.Release|Any CPU.Build.0 = Release|Any CPU
	EndGlobalSection
	GlobalSection(SolutionProperties) = preSolution
		HideSolutionNode = FALSE
	EndGlobalSection
	GlobalSection(ExtensibilityGlobals) = postSolution
		SolutionGuid = {940AA8D2-3B1E-4914-A09A-2EE39A63055A}
	EndGlobalSection
EndGlobal
